<?xml version="1.0" encoding="utf-8"?>
<Project ToolsVersion="4.0" xmlns="http://schemas.microsoft.com/developer/msbuild/2003">
  <ItemGroup>
    <Filter Include="Source Files">
      <UniqueIdentifier>{4FC737F1-C7A5-4376-A066-2A32D752A2FF}</UniqueIdentifier>
      <Extensions>cpp;c;cc;cxx;def;odl;idl;hpj;bat;asm;asmx</Extensions>
    </Filter>
    <Filter Include="Header Files">
      <UniqueIdentifier>{93995380-89BD-4b04-88EB-625FBE52EBFB}</UniqueIdentifier>
      <Extensions>h;hpp;hxx;hm;inl;inc;xsd</Extensions>
    </Filter>
    <Filter Include="Resource Files">
      <UniqueIdentifier>{67DA6AB6-F800-4c08-8B7A-83BB121AAD01}</UniqueIdentifier>
      <Extensions>rc;ico;cur;bmp;dlg;rc2;rct;bin;rgs;gif;jpg;jpeg;jpe;resx;tiff;tif;png;wav;mfcribbon-ms</Extensions>
    </Filter>
    <Filter Include="Source Files\asm">
      <UniqueIdentifier>{8d015123-a8cb-48f5-9bb0-ed8802272d50}</UniqueIdentifier>
    </Filter>
    <Filter Include="src">
      <UniqueIdentifier>{26ff1700-93eb-4edf-be4e-a415d26a9d80}</UniqueIdentifier>
    </Filter>
    <Filter Include="src\CppSQLite">
      <UniqueIdentifier>{d75ab059-4393-4d19-83a4-ce63531f6fdf}</UniqueIdentifier>
    </Filter>
  </ItemGroup>
  <ItemGroup>
    <ClInclude Include="stdafx.h">
      <Filter>Header Files</Filter>
    </ClInclude>
    <ClInclude Include="targetver.h">
      <Filter>Header Files</Filter>
    </ClInclude>
    <ClInclude Include="src\AKSyncObjs.h">
      <Filter>src</Filter>
    </ClInclude>
    <ClInclude Include="src\arch.h">
      <Filter>src</Filter>
    </ClInclude>
    <ClInclude Include="src\base64.h">
      <Filter>src</Filter>
    </ClInclude>
    <ClInclude Include="src\BaseWindowsHeader.h">
      <Filter>src</Filter>
    </ClInclude>
    <ClInclude Include="src\crc64.h">
      <Filter>src</Filter>
    </ClInclude>
    <ClInclude Include="src\CStream.h">
      <Filter>src</Filter>
    </ClInclude>
    <ClInclude Include="src\FileIoHelper.h">
      <Filter>src</Filter>
    </ClInclude>
    <ClInclude Include="src\FileIoHelperClass.h">
      <Filter>src</Filter>
    </ClInclude>
    <ClInclude Include="src\gpt_partition_guid.h">
      <Filter>src</Filter>
    </ClInclude>
    <ClInclude Include="src\injector.h">
      <Filter>src</Filter>
    </ClInclude>
    <ClInclude Include="src\LeakWatcher.h">
      <Filter>src</Filter>
    </ClInclude>
    <ClInclude Include="src\log.h">
      <Filter>src</Filter>
    </ClInclude>
    <ClInclude Include="src\md5.h">
      <Filter>src</Filter>
    </ClInclude>
    <ClInclude Include="src\nt_name_conv.h">
      <Filter>src</Filter>
    </ClInclude>
    <ClInclude Include="src\process_tree.h">
      <Filter>src</Filter>
    </ClInclude>
    <ClInclude Include="src\Queue.h">
      <Filter>src</Filter>
    </ClInclude>
    <ClInclude Include="src\rc4.h">
      <Filter>src</Filter>
    </ClInclude>
    <ClInclude Include="src\RegistryUtil.h">
      <Filter>src</Filter>
    </ClInclude>
    <ClInclude Include="src\ResourceHelper.h">
      <Filter>src</Filter>
    </ClInclude>
    <ClInclude Include="src\scm_context.h">
      <Filter>src</Filter>
    </ClInclude>
    <ClInclude Include="src\send_ping.h">
      <Filter>src</Filter>
    </ClInclude>
    <ClInclude Include="src\sha2.h">
      <Filter>src</Filter>
    </ClInclude>
    <ClInclude Include="src\Singleton.h">
      <Filter>src</Filter>
    </ClInclude>
    <ClInclude Include="src\StopWatch.h">
      <Filter>src</Filter>
    </ClInclude>
    <ClInclude Include="src\targetver.h">
      <Filter>src</Filter>
    </ClInclude>
    <ClInclude Include="src\thread_pool.h">
      <Filter>src</Filter>
    </ClInclude>
    <ClInclude Include="src\ThreadManager.h">
      <Filter>src</Filter>
    </ClInclude>
    <ClInclude Include="src\Win32Utils.h">
      <Filter>src</Filter>
    </ClInclude>
    <ClInclude Include="src\wmi_client.h">
      <Filter>src</Filter>
    </ClInclude>
    <ClInclude Include="src\Wow64Util.h">
      <Filter>src</Filter>
    </ClInclude>
    <ClInclude Include="src\GeneralHashFunctions.h">
      <Filter>src</Filter>
    </ClInclude>
    <ClInclude Include="src\AirCrypto.h">
      <Filter>src</Filter>
    </ClInclude>
    <ClInclude Include="src\curl_client.h">
      <Filter>src</Filter>
    </ClInclude>
    <ClInclude Include="src\FileInfoCache.h">
      <Filter>src</Filter>
    </ClInclude>
    <ClInclude Include="src\CppSQLite\CppSQLite3.h">
      <Filter>src\CppSQLite</Filter>
    </ClInclude>
    <ClInclude Include="src\account_info.h">
      <Filter>src</Filter>
    </ClInclude>
    <ClInclude Include="src\net_util.h">
      <Filter>src</Filter>
    </ClInclude>
    <ClInclude Include="src\steady_timer.h">
      <Filter>src</Filter>
    </ClInclude>
  </ItemGroup>
  <ItemGroup>
    <ClCompile Include="stdafx.cpp">
      <Filter>Source Files</Filter>
    </ClCompile>
    <ClCompile Include="_MyLib_test.cpp">
      <Filter>Source Files</Filter>
    </ClCompile>
    <ClCompile Include="_test_boost.cpp">
      <Filter>Source Files</Filter>
    </ClCompile>
    <ClCompile Include="_test_boost_bind.cpp">
      <Filter>Source Files</Filter>
    </ClCompile>
    <ClCompile Include="_test_std_map.cpp">
      <Filter>Source Files</Filter>
    </ClCompile>
    <ClCompile Include="_test_cpp_class.cpp">
      <Filter>Source Files</Filter>
    </ClCompile>
    <ClCompile Include="_test_registry_util.cpp">
      <Filter>Source Files</Filter>
    </ClCompile>
    <ClCompile Include="_test_asm.cpp">
      <Filter>Source Files\asm</Filter>
    </ClCompile>
    <ClCompile Include="_test_x64.cpp">
      <Filter>Source Files</Filter>
    </ClCompile>
    <ClCompile Include="_test_boost_asio_timer.cpp">
      <Filter>Source Files</Filter>
    </ClCompile>
    <ClCompile Include="_test_boost_thread.cpp">
      <Filter>Source Files</Filter>
    </ClCompile>
    <ClCompile Include="_test_NtApi.cpp">
      <Filter>Source Files</Filter>
    </ClCompile>
    <ClCompile Include="_test_wmi_client.cpp">
      <Filter>Source Files</Filter>
    </ClCompile>
    <ClCompile Include="_test_scm.cpp">
      <Filter>Source Files</Filter>
    </ClCompile>
    <ClCompile Include="src\AKSyncObjs.cpp">
      <Filter>src</Filter>
    </ClCompile>
    <ClCompile Include="src\base64.cpp">
      <Filter>src</Filter>
    </ClCompile>
    <ClCompile Include="src\crc64.cpp">
      <Filter>src</Filter>
    </ClCompile>
    <ClCompile Include="src\CStream.cpp">
      <Filter>src</Filter>
    </ClCompile>
    <ClCompile Include="src\FileIoHelper.cpp">
      <Filter>src</Filter>
    </ClCompile>
    <ClCompile Include="src\FileIoHelperClass.cpp">
      <Filter>src</Filter>
    </ClCompile>
    <ClCompile Include="src\injector.cpp">
      <Filter>src</Filter>
    </ClCompile>
    <ClCompile Include="src\log.cpp">
      <Filter>src</Filter>
    </ClCompile>
    <ClCompile Include="src\md5.cpp">
      <Filter>src</Filter>
    </ClCompile>
    <ClCompile Include="src\nt_name_conv.cpp">
      <Filter>src</Filter>
    </ClCompile>
    <ClCompile Include="src\process_tree.cpp">
      <Filter>src</Filter>
    </ClCompile>
    <ClCompile Include="src\rc4.cpp">
      <Filter>src</Filter>
    </ClCompile>
    <ClCompile Include="src\RegistryUtil.cpp">
      <Filter>src</Filter>
    </ClCompile>
    <ClCompile Include="src\scm_context.cpp">
      <Filter>src</Filter>
    </ClCompile>
    <ClCompile Include="src\sha2.cpp">
      <Filter>src</Filter>
    </ClCompile>
    <ClCompile Include="src\ThreadManager.cpp">
      <Filter>src</Filter>
    </ClCompile>
    <ClCompile Include="src\Win32Utils.cpp">
      <Filter>src</Filter>
    </ClCompile>
    <ClCompile Include="src\wmi_client.cpp">
      <Filter>src</Filter>
    </ClCompile>
    <ClCompile Include="src\Wow64Util.cpp">
      <Filter>src</Filter>
    </ClCompile>
    <ClCompile Include="_test_file_io_helper.cpp">
      <Filter>Source Files</Filter>
    </ClCompile>
    <ClCompile Include="src\GeneralHashFunctions.cpp">
      <Filter>src</Filter>
    </ClCompile>
    <ClCompile Include="_test_ppl.cpp">
      <Filter>Source Files</Filter>
    </ClCompile>
    <ClCompile Include="_test_aes256.cpp">
      <Filter>Source Files</Filter>
    </ClCompile>
    <ClCompile Include="src\AirCrypto.cpp">
      <Filter>src</Filter>
    </ClCompile>
    <ClCompile Include="_test_process_tree.cpp">
      <Filter>Source Files</Filter>
    </ClCompile>
    <ClCompile Include="src\curl_client.cpp">
      <Filter>src</Filter>
    </ClCompile>
    <ClCompile Include="_test_std_move.cpp">
      <Filter>Source Files</Filter>
    </ClCompile>
    <ClCompile Include="_test_process_token.cpp">
      <Filter>Source Files</Filter>
    </ClCompile>
    <ClCompile Include="src\FileInfoCache.cpp">
      <Filter>src</Filter>
    </ClCompile>
    <ClCompile Include="src\CppSQLite\CppSQLite3.cpp">
      <Filter>src\CppSQLite</Filter>
    </ClCompile>
    <ClCompile Include="src\account_info.cpp">
      <Filter>src</Filter>
    </ClCompile>
    <ClCompile Include="test_iphelp_api.cpp">
      <Filter>Source Files</Filter>
    </ClCompile>
    <ClCompile Include="src\net_util.cpp">
      <Filter>src</Filter>
    </ClCompile>
    <ClCompile Include="_test_dns_query.cpp">
      <Filter>Source Files</Filter>
    </ClCompile>
    <ClCompile Include="_test_net_util.cpp">
      <Filter>Source Files</Filter>
    </ClCompile>
    <ClCompile Include="_test_steady_timer.cpp">
      <Filter>Source Files</Filter>
    </ClCompile>
  </ItemGroup>
  <ItemGroup>
    <masm Include="x64.asm">
      <Filter>Source Files\asm</Filter>
    </masm>
  </ItemGroup>
  <ItemGroup>
    <None Include="src\CppSQLite\LICENSE">
      <Filter>src\CppSQLite</Filter>
    </None>
  </ItemGroup>
</Project>